
Microsoft Visual Studio Solution File, Format Version 12.00
# Visual Studio Version 17
VisualStudioVersion = 17.5.33516.290
MinimumVisualStudioVersion = 10.0.40219.1
Project("{FAE04EC0-301F-11D3-BF4B-00C04F79EFBC}") = "GUI", "GUI\GUI.csproj", "{EB44D7AC-935D-4051-8A7D-6B6711F9F62A}"
EndProject
Project("{FAE04EC0-301F-11D3-BF4B-00C04F79EFBC}") = "BUS", "BUS\BUS.csproj", "{A61AACF0-4506-4F4E-81DE-44161F894E5A}"
EndProject
Project("{FAE04EC0-301F-11D3-BF4B-00C04F79EFBC}") = "DAL", "DAL\DAL.csproj", "{BBEAF1ED-32A0-41B8-A090-7EF332D92C1F}"
EndProject
Global
	GlobalSection(SolutionConfigurationPlatforms) = preSolution
		Debug|Any CPU = Debug|Any CPU
		Release|Any CPU = Release|Any CPU
	EndGlobalSection
	GlobalSection(ProjectConfigurationPlatforms) = postSolution
		{EB44D7AC-935D-4051-8A7D-6B6711F9F62A}.Debug|Any CPU.ActiveCfg = Debug|Any CPU
		{EB44D7AC-935D-4051-8A7D-6B6711F9F62A}.Debug|Any CPU.Build.0 = Debug|Any CPU
		{EB44D7AC-935D-4051-8A7D-6B6711F9F62A}.Release|Any CPU.ActiveCfg = Release|Any CPU
		{EB44D7AC-935D-4051-8A7D-6B6711F9F62A}.Release|Any CPU.Build.0 = Release|Any CPU
		{A61AACF0-4506-4F4E-81DE-44161F894E5A}.Debug|Any CPU.ActiveCfg = Debug|Any CPU
		{A61AACF0-4506-4F4E-81DE-44161F894E5A}.Debug|Any CPU.Build.0 = Debug|Any CPU
		{A61AACF0-4506-4F4E-81DE-44161F894E5A}.Release|Any CPU.ActiveCfg = Release|Any CPU
		{A61AACF0-4506-4F4E-81DE-44161F894E5A}.Release|Any CPU.Build.0 = Release|Any CPU
		{BBEAF1ED-32A0-41B8-A090-7EF332D92C1F}.Debug|Any CPU.ActiveCfg = Debug|Any CPU
		{BBEAF1ED-32A0-41B8-A090-7EF332D92C1F}.Debug|Any CPU.Build.0 = Debug|Any CPU
		{BBEAF1ED-32A0-41B8-A090-7EF332D92C1F}.Release|Any CPU.ActiveCfg = Release|Any CPU
		{BBEAF1ED-32A0-41B8-A090-7EF332D92C1F}.Release|Any CPU.Build.0 = Release|Any CPU
	EndGlobalSection
	GlobalSection(SolutionProperties) = preSolution
		HideSolutionNode = FALSE
	EndGlobalSection
	GlobalSection(ExtensibilityGlobals) = postSolution
		SolutionGuid = {4F38D533-A79B-401B-AF9B-E53E563BA655}
	EndGlobalSection
EndGlobal
